
Microsoft Visual Studio Solution File, Format Version 12.00
# Visual Studio 15
VisualStudioVersion = 15.0.27004.2002
MinimumVisualStudioVersion = 10.0.40219.1
Project("{FAE04EC0-301F-11D3-BF4B-00C04F79EFBC}") = "V2EX.UWP", "V2EX.UWP\V2EX.UWP.csproj", "{62B34FDA-217E-4D68-B3EE-26936FB99F32}"
EndProject
Project("{FAE04EC0-301F-11D3-BF4B-00C04F79EFBC}") = "V2EX", "V2EX\V2EX.csproj", "{1129FEBF-41B5-476B-A1AF-C55A0085B00B}"
EndProject
Global
	GlobalSection(SolutionConfigurationPlatforms) = preSolution
		Debug|Any CPU = Debug|Any CPU
		Debug|ARM = Debug|ARM
		Debug|x64 = Debug|x64
		Debug|x86 = Debug|x86
		Release|Any CPU = Release|Any CPU
		Release|ARM = Release|ARM
		Release|x64 = Release|x64
		Release|x86 = Release|x86
	EndGlobalSection
	GlobalSection(ProjectConfigurationPlatforms) = postSolution
		{62B34FDA-217E-4D68-B3EE-26936FB99F32}.Debug|Any CPU.ActiveCfg = Debug|x86
		{62B34FDA-217E-4D68-B3EE-26936FB99F32}.Debug|ARM.ActiveCfg = Debug|ARM
		{62B34FDA-217E-4D68-B3EE-26936FB99F32}.Debug|ARM.Build.0 = Debug|ARM
		{62B34FDA-217E-4D68-B3EE-26936FB99F32}.Debug|ARM.Deploy.0 = Debug|ARM
		{62B34FDA-217E-4D68-B3EE-26936FB99F32}.Debug|x64.ActiveCfg = Debug|x64
		{62B34FDA-217E-4D68-B3EE-26936FB99F32}.Debug|x64.Build.0 = Debug|x64
		{62B34FDA-217E-4D68-B3EE-26936FB99F32}.Debug|x64.Deploy.0 = Debug|x64
		{62B34FDA-217E-4D68-B3EE-26936FB99F32}.Debug|x86.ActiveCfg = Debug|x86
		{62B34FDA-217E-4D68-B3EE-26936FB99F32}.Debug|x86.Build.0 = Debug|x86
		{62B34FDA-217E-4D68-B3EE-26936FB99F32}.Debug|x86.Deploy.0 = Debug|x86
		{62B34FDA-217E-4D68-B3EE-26936FB99F32}.Release|Any CPU.ActiveCfg = Release|x86
		{62B34FDA-217E-4D68-B3EE-26936FB99F32}.Release|ARM.ActiveCfg = Release|ARM
		{62B34FDA-217E-4D68-B3EE-26936FB99F32}.Release|ARM.Build.0 = Release|ARM
		{62B34FDA-217E-4D68-B3EE-26936FB99F32}.Release|ARM.Deploy.0 = Release|ARM
		{62B34FDA-217E-4D68-B3EE-26936FB99F32}.Release|x64.ActiveCfg = Release|x64
		{62B34FDA-217E-4D68-B3EE-26936FB99F32}.Release|x64.Build.0 = Release|x64
		{62B34FDA-217E-4D68-B3EE-26936FB99F32}.Release|x64.Deploy.0 = Release|x64
		{62B34FDA-217E-4D68-B3EE-26936FB99F32}.Release|x86.ActiveCfg = Release|x86
		{62B34FDA-217E-4D68-B3EE-26936FB99F32}.Release|x86.Build.0 = Release|x86
		{62B34FDA-217E-4D68-B3EE-26936FB99F32}.Release|x86.Deploy.0 = Release|x86
		{1129FEBF-41B5-476B-A1AF-C55A0085B00B}.Debug|Any CPU.ActiveCfg = Debug|x86
		{1129FEBF-41B5-476B-A1AF-C55A0085B00B}.Debug|ARM.ActiveCfg = Debug|ARM
		{1129FEBF-41B5-476B-A1AF-C55A0085B00B}.Debug|ARM.Build.0 = Debug|ARM
		{1129FEBF-41B5-476B-A1AF-C55A0085B00B}.Debug|ARM.Deploy.0 = Debug|ARM
		{1129FEBF-41B5-476B-A1AF-C55A0085B00B}.Debug|x64.ActiveCfg = Debug|x64
		{1129FEBF-41B5-476B-A1AF-C55A0085B00B}.Debug|x64.Build.0 = Debug|x64
		{1129FEBF-41B5-476B-A1AF-C55A0085B00B}.Debug|x64.Deploy.0 = Debug|x64
		{1129FEBF-41B5-476B-A1AF-C55A0085B00B}.Debug|x86.ActiveCfg = Debug|x86
		{1129FEBF-41B5-476B-A1AF-C55A0085B00B}.Debug|x86.Build.0 = Debug|x86
		{1129FEBF-41B5-476B-A1AF-C55A0085B00B}.Debug|x86.Deploy.0 = Debug|x86
		{1129FEBF-41B5-476B-A1AF-C55A0085B00B}.Release|Any CPU.ActiveCfg = Release|x86
		{1129FEBF-41B5-476B-A1AF-C55A0085B00B}.Release|ARM.ActiveCfg = Release|ARM
		{1129FEBF-41B5-476B-A1AF-C55A0085B00B}.Release|ARM.Build.0 = Release|ARM
		{1129FEBF-41B5-476B-A1AF-C55A0085B00B}.Release|ARM.Deploy.0 = Release|ARM
		{1129FEBF-41B5-476B-A1AF-C55A0085B00B}.Release|x64.ActiveCfg = Release|x64
		{1129FEBF-41B5-476B-A1AF-C55A0085B00B}.Release|x64.Build.0 = Release|x64
		{1129FEBF-41B5-476B-A1AF-C55A0085B00B}.Release|x64.Deploy.0 = Release|x64
		{1129FEBF-41B5-476B-A1AF-C55A0085B00B}.Release|x86.ActiveCfg = Release|x86
		{1129FEBF-41B5-476B-A1AF-C55A0085B00B}.Release|x86.Build.0 = Release|x86
		{1129FEBF-41B5-476B-A1AF-C55A0085B00B}.Release|x86.Deploy.0 = Release|x86
	EndGlobalSection
	GlobalSection(SolutionProperties) = preSolution
		HideSolutionNode = FALSE
	EndGlobalSection
	GlobalSection(ExtensibilityGlobals) = postSolution
		SolutionGuid = {5729F2E8-889D-407D-8211-70744BBF55A0}
	EndGlobalSection
EndGlobal
